
Microsoft Visual Studio Solution File, Format Version 12.00
# Visual Studio 15
VisualStudioVersion = 15.0.28307.902
MinimumVisualStudioVersion = 10.0.40219.1
Project("{FAE04EC0-301F-11D3-BF4B-00C04F79EFBC}") = "JwsTokenGenerator", "JwsTokenGenerator\JwsTokenGenerator.csproj", "{B98C8BD5-F277-49FB-BC55-389925B908C7}"
EndProject
Global
	GlobalSection(SolutionConfigurationPlatforms) = preSolution
		Debug|Any CPU = Debug|Any CPU
		Release|Any CPU = Release|Any CPU
	EndGlobalSection
	GlobalSection(ProjectConfigurationPlatforms) = postSolution
		{B98C8BD5-F277-49FB-BC55-389925B908C7}.Debug|Any CPU.ActiveCfg = Debug|Any CPU
		{B98C8BD5-F277-49FB-BC55-389925B908C7}.Debug|Any CPU.Build.0 = Debug|Any CPU
		{B98C8BD5-F277-49FB-BC55-389925B908C7}.Release|Any CPU.ActiveCfg = Release|Any CPU
		{B98C8BD5-F277-49FB-BC55-389925B908C7}.Release|Any CPU.Build.0 = Release|Any CPU
	EndGlobalSection
	GlobalSection(SolutionProperties) = preSolution
		HideSolutionNode = FALSE
	EndGlobalSection
	GlobalSection(ExtensibilityGlobals) = postSolution
		SolutionGuid = {03CED0EA-1FA2-413D-BBF6-FF964FBD7E67}
	EndGlobalSection
EndGlobal
